// !$*UTF8*$!
{
	archiveVersion = 1;
	classes = {
	};
	objectVersion = 56;
	objects = {

/* Begin PBXBuildFile section */
		9812FC632A619A860041D5DF /* Shadertoy_ScreensaverView.h in Headers */ = {isa = PBXBuildFile; fileRef = 9812FC622A619A860041D5DF /* Shadertoy_ScreensaverView.h */; };
		9812FC652A619A860041D5DF /* Shadertoy_ScreensaverView.m in Sources */ = {isa = PBXBuildFile; fileRef = 9812FC642A619A860041D5DF /* Shadertoy_ScreensaverView.m */; };
		9812FC6D2A6AF1980041D5DF /* fragmentshader.glsl in Resources */ = {isa = PBXBuildFile; fileRef = 9812FC6B2A6AF1980041D5DF /* fragmentshader.glsl */; };
		9812FC6E2A6AF1980041D5DF /* vertexshader.glsl in Resources */ = {isa = PBXBuildFile; fileRef = 9812FC6C2A6AF1980041D5DF /* vertexshader.glsl */; };
		9812FC712A6D430A0041D5DF /* OpenGL.framework in Frameworks */ = {isa = PBXBuildFile; fileRef = 9812FC702A6D430A0041D5DF /* OpenGL.framework */; };
		98F648332A7151DE00E550DB /* Shadertoy_ScreensaverConfigSheet.h in Headers */ = {isa = PBXBuildFile; fileRef = 98F648302A7151DE00E550DB /* Shadertoy_ScreensaverConfigSheet.h */; };
		98F648342A7151DE00E550DB /* Shadertoy_ScreensaverConfigSheet.m in Sources */ = {isa = PBXBuildFile; fileRef = 98F648312A7151DE00E550DB /* Shadertoy_ScreensaverConfigSheet.m */; };
		98F648352A7151DE00E550DB /* Shadertoy_ScreensaverConfigSheet.xib in Resources */ = {isa = PBXBuildFile; fileRef = 98F648322A7151DE00E550DB /* Shadertoy_ScreensaverConfigSheet.xib */; };
/* End PBXBuildFile section */

/* Begin PBXFileReference section */
		9812FC5F2A619A860041D5DF /* Shadertoy-Screensaver.saver */ = {isa = PBXFileReference; explicitFileType = wrapper.cfbundle; includeInIndex = 0; path = "Shadertoy-Screensaver.saver"; sourceTree = BUILT_PRODUCTS_DIR; };
		9812FC622A619A860041D5DF /* Shadertoy_ScreensaverView.h */ = {isa = PBXFileReference; lastKnownFileType = sourcecode.c.h; path = Shadertoy_ScreensaverView.h; sourceTree = "<group>"; };
		9812FC642A619A860041D5DF /* Shadertoy_ScreensaverView.m */ = {isa = PBXFileReference; lastKnownFileType = sourcecode.c.objc; path = Shadertoy_ScreensaverView.m; sourceTree = "<group>"; };
		9812FC6B2A6AF1980041D5DF /* fragmentshader.glsl */ = {isa = PBXFileReference; fileEncoding = 4; lastKnownFileType = text; name = fragmentshader.glsl; path = "Shadertoy-Screensaver/fragmentshader.glsl"; sourceTree = "<group>"; };
		9812FC6C2A6AF1980041D5DF /* vertexshader.glsl */ = {isa = PBXFileReference; fileEncoding = 4; lastKnownFileType = text; name = vertexshader.glsl; path = "Shadertoy-Screensaver/vertexshader.glsl"; sourceTree = "<group>"; };
		9812FC702A6D430A0041D5DF /* OpenGL.framework */ = {isa = PBXFileReference; lastKnownFileType = wrapper.framework; name = OpenGL.framework; path = System/Library/Frameworks/OpenGL.framework; sourceTree = SDKROOT; };
		98F648302A7151DE00E550DB /* Shadertoy_ScreensaverConfigSheet.h */ = {isa = PBXFileReference; lastKnownFileType = sourcecode.c.h; path = Shadertoy_ScreensaverConfigSheet.h; sourceTree = "<group>"; };
		98F648312A7151DE00E550DB /* Shadertoy_ScreensaverConfigSheet.m */ = {isa = PBXFileReference; lastKnownFileType = sourcecode.c.objc; path = Shadertoy_ScreensaverConfigSheet.m; sourceTree = "<group>"; };
		98F648322A7151DE00E550DB /* Shadertoy_ScreensaverConfigSheet.xib */ = {isa = PBXFileReference; lastKnownFileType = file.xib; path = Shadertoy_ScreensaverConfigSheet.xib; sourceTree = "<group>"; };
/* End PBXFileReference section */

/* Begin PBXFrameworksBuildPhase section */
		9812FC5C2A619A860041D5DF /* Frameworks */ = {
			isa = PBXFrameworksBuildPhase;
			buildActionMask = 2147483647;
			files = (
				9812FC712A6D430A0041D5DF /* OpenGL.framework in Frameworks */,
			);
			runOnlyForDeploymentPostprocessing = 0;
		};
/* End PBXFrameworksBuildPhase section */

/* Begin PBXGroup section */
		9812FC552A619A860041D5DF = {
			isa = PBXGroup;
			children = (
				98F648302A7151DE00E550DB /* Shadertoy_ScreensaverConfigSheet.h */,
				98F648312A7151DE00E550DB /* Shadertoy_ScreensaverConfigSheet.m */,
				98F648322A7151DE00E550DB /* Shadertoy_ScreensaverConfigSheet.xib */,
				9812FC6B2A6AF1980041D5DF /* fragmentshader.glsl */,
				9812FC6C2A6AF1980041D5DF /* vertexshader.glsl */,
				9812FC612A619A860041D5DF /* Shadertoy-Screensaver */,
				9812FC602A619A860041D5DF /* Products */,
				9812FC6F2A6D430A0041D5DF /* Frameworks */,
			);
			sourceTree = "<group>";
		};
		9812FC602A619A860041D5DF /* Products */ = {
			isa = PBXGroup;
			children = (
				9812FC5F2A619A860041D5DF /* Shadertoy-Screensaver.saver */,
			);
			name = Products;
			sourceTree = "<group>";
		};
		9812FC612A619A860041D5DF /* Shadertoy-Screensaver */ = {
			isa = PBXGroup;
			children = (
				9812FC622A619A860041D5DF /* Shadertoy_ScreensaverView.h */,
				9812FC642A619A860041D5DF /* Shadertoy_ScreensaverView.m */,
			);
			path = "Shadertoy-Screensaver";
			sourceTree = "<group>";
		};
		9812FC6F2A6D430A0041D5DF /* Frameworks */ = {
			isa = PBXGroup;
			children = (
				9812FC702A6D430A0041D5DF /* OpenGL.framework */,
			);
			name = Frameworks;
			sourceTree = "<group>";
		};
/* End PBXGroup section */

/* Begin PBXHeadersBuildPhase section */
		9812FC5A2A619A860041D5DF /* Headers */ = {
			isa = PBXHeadersBuildPhase;
			buildActionMask = 2147483647;
			files = (
				9812FC632A619A860041D5DF /* Shadertoy_ScreensaverView.h in Headers */,
				98F648332A7151DE00E550DB /* Shadertoy_ScreensaverConfigSheet.h in Headers */,
			);
			runOnlyForDeploymentPostprocessing = 0;
		};
/* End PBXHeadersBuildPhase section */

/* Begin PBXNativeTarget section */
		9812FC5E2A619A860041D5DF /* Shadertoy-Screensaver */ = {
			isa = PBXNativeTarget;
			buildConfigurationList = 9812FC682A619A860041D5DF /* Build configuration list for PBXNativeTarget "Shadertoy-Screensaver" */;
			buildPhases = (
				9812FC5A2A619A860041D5DF /* Headers */,
				9812FC5B2A619A860041D5DF /* Sources */,
				9812FC5C2A619A860041D5DF /* Frameworks */,
				9812FC5D2A619A860041D5DF /* Resources */,
			);
			buildRules = (
			);
			dependencies = (
			);
			name = "Shadertoy-Screensaver";
			productName = "Shadertoy-Screensaver";
			productReference = 9812FC5F2A619A860041D5DF /* Shadertoy-Screensaver.saver */;
			productType = "com.apple.product-type.bundle";
		};
/* End PBXNativeTarget section */

/* Begin PBXProject section */
		9812FC562A619A860041D5DF /* Project object */ = {
			isa = PBXProject;
			attributes = {
				BuildIndependentTargetsInParallel = 1;
				LastUpgradeCheck = 1430;
				TargetAttributes = {
					9812FC5E2A619A860041D5DF = {
						CreatedOnToolsVersion = 14.3.1;
					};
				};
			};
			buildConfigurationList = 9812FC592A619A860041D5DF /* Build configuration list for PBXProject "Shadertoy-Screensaver" */;
			compatibilityVersion = "Xcode 14.0";
			developmentRegion = en;
			hasScannedForEncodings = 0;
			knownRegions = (
				en,
				Base,
			);
			mainGroup = 9812FC552A619A860041D5DF;
			productRefGroup = 9812FC602A619A860041D5DF /* Products */;
			projectDirPath = "";
			projectRoot = "";
			targets = (
				9812FC5E2A619A860041D5DF /* Shadertoy-Screensaver */,
			);
		};
/* End PBXProject section */

/* Begin PBXResourcesBuildPhase section */
		9812FC5D2A619A860041D5DF /* Resources */ = {
			isa = PBXResourcesBuildPhase;
			buildActionMask = 2147483647;
			files = (
				9812FC6E2A6AF1980041D5DF /* vertexshader.glsl in Resources */,
				9812FC6D2A6AF1980041D5DF /* fragmentshader.glsl in Resources */,
				98F648352A7151DE00E550DB /* Shadertoy_ScreensaverConfigSheet.xib in Resources */,
			);
			runOnlyForDeploymentPostprocessing = 0;
		};
/* End PBXResourcesBuildPhase section */

/* Begin PBXSourcesBuildPhase section */
		9812FC5B2A619A860041D5DF /* Sources */ = {
			isa = PBXSourcesBuildPhase;
			buildActionMask = 2147483647;
			files = (
				9812FC652A619A860041D5DF /* Shadertoy_ScreensaverView.m in Sources */,
				98F648342A7151DE00E550DB /* Shadertoy_ScreensaverConfigSheet.m in Sources */,
			);
			runOnlyForDeploymentPostprocessing = 0;
		};
/* End PBXSourcesBuildPhase section */

/* Begin XCBuildConfiguration section */
		9812FC662A619A860041D5DF /* Debug */ = {
			isa = XCBuildConfiguration;
			buildSettings = {
				ALWAYS_SEARCH_USER_PATHS = NO;
				CLANG_ANALYZER_NONNULL = YES;
				CLANG_ANALYZER_NUMBER_OBJECT_CONVERSION = YES_AGGRESSIVE;
				CLANG_CXX_LANGUAGE_STANDARD = "gnu++20";
				CLANG_ENABLE_MODULES = YES;
				CLANG_ENABLE_OBJC_ARC = YES;
				CLANG_ENABLE_OBJC_WEAK = YES;
				CLANG_WARN_BLOCK_CAPTURE_AUTORELEASING = YES;
				CLANG_WARN_BOOL_CONVERSION = YES;
				CLANG_WARN_COMMA = YES;
				CLANG_WARN_CONSTANT_CONVERSION = YES;
				CLANG_WARN_DEPRECATED_OBJC_IMPLEMENTATIONS = YES;
				CLANG_WARN_DIRECT_OBJC_ISA_USAGE = YES_ERROR;
				CLANG_WARN_DOCUMENTATION_COMMENTS = YES;
				CLANG_WARN_EMPTY_BODY = YES;
				CLANG_WARN_ENUM_CONVERSION = YES;
				CLANG_WARN_INFINITE_RECURSION = YES;
				CLANG_WARN_INT_CONVERSION = YES;
				CLANG_WARN_NON_LITERAL_NULL_CONVERSION = YES;
				CLANG_WARN_OBJC_IMPLICIT_RETAIN_SELF = YES;
				CLANG_WARN_OBJC_LITERAL_CONVERSION = YES;
				CLANG_WARN_OBJC_ROOT_CLASS = YES_ERROR;
				CLANG_WARN_QUOTED_INCLUDE_IN_FRAMEWORK_HEADER = YES;
				CLANG_WARN_RANGE_LOOP_ANALYSIS = YES;
				CLANG_WARN_STRICT_PROTOTYPES = YES;
				CLANG_WARN_SUSPICIOUS_MOVE = YES;
				CLANG_WARN_UNGUARDED_AVAILABILITY = YES_AGGRESSIVE;
				CLANG_WARN_UNREACHABLE_CODE = YES;
				CLANG_WARN__DUPLICATE_METHOD_MATCH = YES;
				COPY_PHASE_STRIP = NO;
				DEBUG_INFORMATION_FORMAT = dwarf;
				ENABLE_STRICT_OBJC_MSGSEND = YES;
				ENABLE_TESTABILITY = YES;
				GCC_C_LANGUAGE_STANDARD = gnu11;
				GCC_DYNAMIC_NO_PIC = NO;
				GCC_NO_COMMON_BLOCKS = YES;
				GCC_OPTIMIZATION_LEVEL = 0;
				GCC_PREPROCESSOR_DEFINITIONS = (
					"DEBUG=1",
					"$(inherited)",
				);
				GCC_WARN_64_TO_32_BIT_CONVERSION = YES;
				GCC_WARN_ABOUT_RETURN_TYPE = YES_ERROR;
				GCC_WARN_UNDECLARED_SELECTOR = YES;
				GCC_WARN_UNINITIALIZED_AUTOS = YES_AGGRESSIVE;
				GCC_WARN_UNUSED_FUNCTION = YES;
				GCC_WARN_UNUSED_VARIABLE = YES;
				MACOSX_DEPLOYMENT_TARGET = 13.3;
				MTL_ENABLE_DEBUG_INFO = INCLUDE_SOURCE;
				MTL_FAST_MATH = YES;
				ONLY_ACTIVE_ARCH = YES;
				SDKROOT = macosx;
			};
			name = Debug;
		};
		9812FC672A619A860041D5DF /* Release */ = {
			isa = XCBuildConfiguration;
			buildSettings = {
				ALWAYS_SEARCH_USER_PATHS = NO;
				CLANG_ANALYZER_NONNULL = YES;
				CLANG_ANALYZER_NUMBER_OBJECT_CONVERSION = YES_AGGRESSIVE;
				CLANG_CXX_LANGUAGE_STANDARD = "gnu++20";
				CLANG_ENABLE_MODULES = YES;
				CLANG_ENABLE_OBJC_ARC = YES;
				CLANG_ENABLE_OBJC_WEAK = YES;
				CLANG_WARN_BLOCK_CAPTURE_AUTORELEASING = YES;
				CLANG_WARN_BOOL_CONVERSION = YES;
				CLANG_WARN_COMMA = YES;
				CLANG_WARN_CONSTANT_CONVERSION = YES;
				CLANG_WARN_DEPRECATED_OBJC_IMPLEMENTATIONS = YES;
				CLANG_WARN_DIRECT_OBJC_ISA_USAGE = YES_ERROR;
				CLANG_WARN_DOCUMENTATION_COMMENTS = YES;
				CLANG_WARN_EMPTY_BODY = YES;
				CLANG_WARN_ENUM_CONVERSION = YES;
				CLANG_WARN_INFINITE_RECURSION = YES;
				CLANG_WARN_INT_CONVERSION = YES;
				CLANG_WARN_NON_LITERAL_NULL_CONVERSION = YES;
				CLANG_WARN_OBJC_IMPLICIT_RETAIN_SELF = YES;
				CLANG_WARN_OBJC_LITERAL_CONVERSION = YES;
				CLANG_WARN_OBJC_ROOT_CLASS = YES_ERROR;
				CLANG_WARN_QUOTED_INCLUDE_IN_FRAMEWORK_HEADER = YES;
				CLANG_WARN_RANGE_LOOP_ANALYSIS = YES;
				CLANG_WARN_STRICT_PROTOTYPES = YES;
				CLANG_WARN_SUSPICIOUS_MOVE = YES;
				CLANG_WARN_UNGUARDED_AVAILABILITY = YES_AGGRESSIVE;
				CLANG_WARN_UNREACHABLE_CODE = YES;
				CLANG_WARN__DUPLICATE_METHOD_MATCH = YES;
				COPY_PHASE_STRIP = NO;
				DEBUG_INFORMATION_FORMAT = "dwarf-with-dsym";
				ENABLE_NS_ASSERTIONS = NO;
				ENABLE_STRICT_OBJC_MSGSEND = YES;
				GCC_C_LANGUAGE_STANDARD = gnu11;
				GCC_NO_COMMON_BLOCKS = YES;
				GCC_WARN_64_TO_32_BIT_CONVERSION = YES;
				GCC_WARN_ABOUT_RETURN_TYPE = YES_ERROR;
				GCC_WARN_UNDECLARED_SELECTOR = YES;
				GCC_WARN_UNINITIALIZED_AUTOS = YES_AGGRESSIVE;
				GCC_WARN_UNUSED_FUNCTION = YES;
				GCC_WARN_UNUSED_VARIABLE = YES;
				MACOSX_DEPLOYMENT_TARGET = 13.3;
				MTL_ENABLE_DEBUG_INFO = NO;
				MTL_FAST_MATH = YES;
				SDKROOT = macosx;
			};
			name = Release;
		};
		9812FC692A619A860041D5DF /* Debug */ = {
			isa = XCBuildConfiguration;
			buildSettings = {
				CODE_SIGN_STYLE = Automatic;
				COMBINE_HIDPI_IMAGES = YES;
				CURRENT_PROJECT_VERSION = 1;
				GENERATE_INFOPLIST_FILE = YES;
				INFOPLIST_KEY_NSHumanReadableCopyright = "";
				INFOPLIST_KEY_NSPrincipalClass = Shadertoy_ScreensaverView;
				INSTALL_PATH = "$(HOME)/Library/Screen Savers";
				MARKETING_VERSION = 1.0;
				PRODUCT_BUNDLE_IDENTIFIER = "diracdrifter.Shadertoy-Screensaver";
				PRODUCT_NAME = "$(TARGET_NAME)";
				SWIFT_EMIT_LOC_STRINGS = YES;
				WRAPPER_EXTENSION = saver;
			};
			name = Debug;
		};
		9812FC6A2A619A860041D5DF /* Release */ = {
			isa = XCBuildConfiguration;
			buildSettings = {
				CODE_SIGN_STYLE = Automatic;
				COMBINE_HIDPI_IMAGES = YES;
				CURRENT_PROJECT_VERSION = 1;
				GENERATE_INFOPLIST_FILE = YES;
				INFOPLIST_KEY_NSHumanReadableCopyright = "";
				INFOPLIST_KEY_NSPrincipalClass = Shadertoy_ScreensaverView;
				INSTALL_PATH = "$(HOME)/Library/Screen Savers";
				MARKETING_VERSION = 1.0;
				PRODUCT_BUNDLE_IDENTIFIER = "diracdrifter.Shadertoy-Screensaver";
				PRODUCT_NAME = "$(TARGET_NAME)";
				SWIFT_EMIT_LOC_STRINGS = YES;
				WRAPPER_EXTENSION = saver;
			};
			name = Release;
		};
/* End XCBuildConfiguration section */

/* Begin XCConfigurationList section */
		9812FC592A619A860041D5DF /* Build configuration list for PBXProject "Shadertoy-Screensaver" */ = {
			isa = XCConfigurationList;
			buildConfigurations = (
				9812FC662A619A860041D5DF /* Debug */,
				9812FC672A619A860041D5DF /* Release */,
			);
			defaultConfigurationIsVisible = 0;
			defaultConfigurationName = Release;
		};
		9812FC682A619A860041D5DF /* Build configuration list for PBXNativeTarget "Shadertoy-Screensaver" */ = {
			isa = XCConfigurationList;
			buildConfigurations = (
				9812FC692A619A860041D5DF /* Debug */,
				9812FC6A2A619A860041D5DF /* Release */,
			);
			defaultConfigurationIsVisible = 0;
			defaultConfigurationName = Release;
		};
/* End XCConfigurationList section */
	};
	rootObject = 9812FC562A619A860041D5DF /* Project object */;
}
